
Microsoft Visual Studio Solution File, Format Version 12.00
# Visual Studio 15
Project("{FAE04EC0-301F-11D3-BF4B-00C04F79EFBC}") = "Area Effectors", "Area Effectors.csproj", "{B1B83E81-4B1C-9E90-976C-9E618C5C592C}"
EndProject
Global
	GlobalSection(SolutionConfigurationPlatforms) = preSolution
		Debug|Any CPU = Debug|Any CPU
		Release|Any CPU = Release|Any CPU
	EndGlobalSection
	GlobalSection(ProjectConfigurationPlatforms) = postSolution
		{B1B83E81-4B1C-9E90-976C-9E618C5C592C}.Debug|Any CPU.ActiveCfg = Debug|Any CPU
		{B1B83E81-4B1C-9E90-976C-9E618C5C592C}.Debug|Any CPU.Build.0 = Debug|Any CPU
		{B1B83E81-4B1C-9E90-976C-9E618C5C592C}.Release|Any CPU.ActiveCfg = Release|Any CPU
		{B1B83E81-4B1C-9E90-976C-9E618C5C592C}.Release|Any CPU.Build.0 = Release|Any CPU
	EndGlobalSection
	GlobalSection(SolutionProperties) = preSolution
		HideSolutionNode = FALSE
	EndGlobalSection
EndGlobal
